// !$*UTF8*$!
{
	archiveVersion = 1;
	classes = {
	};
	objectVersion = 50;
	objects = {

/* Begin PBXBuildFile section */
		ABBD1470215C1FEE006EF35B /* AppDelegate.swift in Sources */ = {isa = PBXBuildFile; fileRef = ABBD146F215C1FEE006EF35B /* AppDelegate.swift */; };
		ABBD1472215C1FEE006EF35B /* ViewController.swift in Sources */ = {isa = PBXBuildFile; fileRef = ABBD1471215C1FEE006EF35B /* ViewController.swift */; };
		ABBD1475215C1FEE006EF35B /* Main.storyboard in Resources */ = {isa = PBXBuildFile; fileRef = ABBD1473215C1FEE006EF35B /* Main.storyboard */; };
		ABBD1477215C1FEE006EF35B /* Assets.xcassets in Resources */ = {isa = PBXBuildFile; fileRef = ABBD1476215C1FEE006EF35B /* Assets.xcassets */; };
		ABBD147A215C1FEE006EF35B /* LaunchScreen.storyboard in Resources */ = {isa = PBXBuildFile; fileRef = ABBD1478215C1FEE006EF35B /* LaunchScreen.storyboard */; };
		ABBD1482215C2049006EF35B /* Datos.swift in Sources */ = {isa = PBXBuildFile; fileRef = ABBD1481215C2049006EF35B /* Datos.swift */; };
/* End PBXBuildFile section */

/* Begin PBXFileReference section */
		ABBD146C215C1FEE006EF35B /* AppHambre.app */ = {isa = PBXFileReference; explicitFileType = wrapper.application; includeInIndex = 0; path = AppHambre.app; sourceTree = BUILT_PRODUCTS_DIR; };
		ABBD146F215C1FEE006EF35B /* AppDelegate.swift */ = {isa = PBXFileReference; lastKnownFileType = sourcecode.swift; path = AppDelegate.swift; sourceTree = "<group>"; };
		ABBD1471215C1FEE006EF35B /* ViewController.swift */ = {isa = PBXFileReference; lastKnownFileType = sourcecode.swift; path = ViewController.swift; sourceTree = "<group>"; };
		ABBD1474215C1FEE006EF35B /* Base */ = {isa = PBXFileReference; lastKnownFileType = file.storyboard; name = Base; path = Base.lproj/Main.storyboard; sourceTree = "<group>"; };
		ABBD1476215C1FEE006EF35B /* Assets.xcassets */ = {isa = PBXFileReference; lastKnownFileType = folder.assetcatalog; path = Assets.xcassets; sourceTree = "<group>"; };
		ABBD1479215C1FEE006EF35B /* Base */ = {isa = PBXFileReference; lastKnownFileType = file.storyboard; name = Base; path = Base.lproj/LaunchScreen.storyboard; sourceTree = "<group>"; };
		ABBD147B215C1FEE006EF35B /* Info.plist */ = {isa = PBXFileReference; lastKnownFileType = text.plist.xml; path = Info.plist; sourceTree = "<group>"; };
		ABBD1481215C2049006EF35B /* Datos.swift */ = {isa = PBXFileReference; lastKnownFileType = sourcecode.swift; path = Datos.swift; sourceTree = "<group>"; };
/* End PBXFileReference section */

/* Begin PBXFrameworksBuildPhase section */
		ABBD1469215C1FEE006EF35B /* Frameworks */ = {
			isa = PBXFrameworksBuildPhase;
			buildActionMask = 2147483647;
			files = (
			);
			runOnlyForDeploymentPostprocessing = 0;
		};
/* End PBXFrameworksBuildPhase section */

/* Begin PBXGroup section */
		ABBD1463215C1FEE006EF35B = {
			isa = PBXGroup;
			children = (
				ABBD146E215C1FEE006EF35B /* AppHambre */,
				ABBD146D215C1FEE006EF35B /* Products */,
			);
			sourceTree = "<group>";
		};
		ABBD146D215C1FEE006EF35B /* Products */ = {
			isa = PBXGroup;
			children = (
				ABBD146C215C1FEE006EF35B /* AppHambre.app */,
			);
			name = Products;
			sourceTree = "<group>";
		};
		ABBD146E215C1FEE006EF35B /* AppHambre */ = {
			isa = PBXGroup;
			children = (
				ABBD146F215C1FEE006EF35B /* AppDelegate.swift */,
				ABBD1471215C1FEE006EF35B /* ViewController.swift */,
				ABBD1473215C1FEE006EF35B /* Main.storyboard */,
				ABBD1476215C1FEE006EF35B /* Assets.xcassets */,
				ABBD1478215C1FEE006EF35B /* LaunchScreen.storyboard */,
				ABBD147B215C1FEE006EF35B /* Info.plist */,
				ABBD1481215C2049006EF35B /* Datos.swift */,
			);
			path = AppHambre;
			sourceTree = "<group>";
		};
/* End PBXGroup section */

/* Begin PBXNativeTarget section */
		ABBD146B215C1FEE006EF35B /* AppHambre */ = {
			isa = PBXNativeTarget;
			buildConfigurationList = ABBD147E215C1FEE006EF35B /* Build configuration list for PBXNativeTarget "AppHambre" */;
			buildPhases = (
				ABBD1468215C1FEE006EF35B /* Sources */,
				ABBD1469215C1FEE006EF35B /* Frameworks */,
				ABBD146A215C1FEE006EF35B /* Resources */,
			);
			buildRules = (
			);
			dependencies = (
			);
			name = AppHambre;
			productName = AppHambre;
			productReference = ABBD146C215C1FEE006EF35B /* AppHambre.app */;
			productType = "com.apple.product-type.application";
		};
/* End PBXNativeTarget section */

/* Begin PBXProject section */
		ABBD1464215C1FEE006EF35B /* Project object */ = {
			isa = PBXProject;
			attributes = {
				LastSwiftUpdateCheck = 0940;
				LastUpgradeCheck = 0940;
				ORGANIZATIONNAME = MacBookTicsInplanet;
				TargetAttributes = {
					ABBD146B215C1FEE006EF35B = {
						CreatedOnToolsVersion = 9.4.1;
					};
				};
			};
			buildConfigurationList = ABBD1467215C1FEE006EF35B /* Build configuration list for PBXProject "AppHambre" */;
			compatibilityVersion = "Xcode 9.3";
			developmentRegion = en;
			hasScannedForEncodings = 0;
			knownRegions = (
				en,
				Base,
			);
			mainGroup = ABBD1463215C1FEE006EF35B;
			productRefGroup = ABBD146D215C1FEE006EF35B /* Products */;
			projectDirPath = "";
			projectRoot = "";
			targets = (
				ABBD146B215C1FEE006EF35B /* AppHambre */,
			);
		};
/* End PBXProject section */

/* Begin PBXResourcesBuildPhase section */
		ABBD146A215C1FEE006EF35B /* Resources */ = {
			isa = PBXResourcesBuildPhase;
			buildActionMask = 2147483647;
			files = (
				ABBD147A215C1FEE006EF35B /* LaunchScreen.storyboard in Resources */,
				ABBD1477215C1FEE006EF35B /* Assets.xcassets in Resources */,
				ABBD1475215C1FEE006EF35B /* Main.storyboard in Resources */,
			);
			runOnlyForDeploymentPostprocessing = 0;
		};
/* End PBXResourcesBuildPhase section */

/* Begin PBXSourcesBuildPhase section */
		ABBD1468215C1FEE006EF35B /* Sources */ = {
			isa = PBXSourcesBuildPhase;
			buildActionMask = 2147483647;
			files = (
				ABBD1472215C1FEE006EF35B /* ViewController.swift in Sources */,
				ABBD1470215C1FEE006EF35B /* AppDelegate.swift in Sources */,
				ABBD1482215C2049006EF35B /* Datos.swift in Sources */,
			);
			runOnlyForDeploymentPostprocessing = 0;
		};
/* End PBXSourcesBuildPhase section */

/* Begin PBXVariantGroup section */
		ABBD1473215C1FEE006EF35B /* Main.storyboard */ = {
			isa = PBXVariantGroup;
			children = (
				ABBD1474215C1FEE006EF35B /* Base */,
			);
			name = Main.storyboard;
			sourceTree = "<group>";
		};
		ABBD1478215C1FEE006EF35B /* LaunchScreen.storyboard */ = {
			isa = PBXVariantGroup;
			children = (
				ABBD1479215C1FEE006EF35B /* Base */,
			);
			name = LaunchScreen.storyboard;
			sourceTree = "<group>";
		};
/* End PBXVariantGroup section */

/* Begin XCBuildConfiguration section */
		ABBD147C215C1FEE006EF35B /* Debug */ = {
			isa = XCBuildConfiguration;
			buildSettings = {
				ALWAYS_SEARCH_USER_PATHS = NO;
				CLANG_ANALYZER_NONNULL = YES;
				CLANG_ANALYZER_NUMBER_OBJECT_CONVERSION = YES_AGGRESSIVE;
				CLANG_CXX_LANGUAGE_STANDARD = "gnu++14";
				CLANG_CXX_LIBRARY = "libc++";
				CLANG_ENABLE_MODULES = YES;
				CLANG_ENABLE_OBJC_ARC = YES;
				CLANG_ENABLE_OBJC_WEAK = YES;
				CLANG_WARN_BLOCK_CAPTURE_AUTORELEASING = YES;
				CLANG_WARN_BOOL_CONVERSION = YES;
				CLANG_WARN_COMMA = YES;
				CLANG_WARN_CONSTANT_CONVERSION = YES;
				CLANG_WARN_DEPRECATED_OBJC_IMPLEMENTATIONS = YES;
				CLANG_WARN_DIRECT_OBJC_ISA_USAGE = YES_ERROR;
				CLANG_WARN_DOCUMENTATION_COMMENTS = YES;
				CLANG_WARN_EMPTY_BODY = YES;
				CLANG_WARN_ENUM_CONVERSION = YES;
				CLANG_WARN_INFINITE_RECURSION = YES;
				CLANG_WARN_INT_CONVERSION = YES;
				CLANG_WARN_NON_LITERAL_NULL_CONVERSION = YES;
				CLANG_WARN_OBJC_IMPLICIT_RETAIN_SELF = YES;
				CLANG_WARN_OBJC_LITERAL_CONVERSION = YES;
				CLANG_WARN_OBJC_ROOT_CLASS = YES_ERROR;
				CLANG_WARN_RANGE_LOOP_ANALYSIS = YES;
				CLANG_WARN_STRICT_PROTOTYPES = YES;
				CLANG_WARN_SUSPICIOUS_MOVE = YES;
				CLANG_WARN_UNGUARDED_AVAILABILITY = YES_AGGRESSIVE;
				CLANG_WARN_UNREACHABLE_CODE = YES;
				CLANG_WARN__DUPLICATE_METHOD_MATCH = YES;
				CODE_SIGN_IDENTITY = "iPhone Developer";
				COPY_PHASE_STRIP = NO;
				DEBUG_INFORMATION_FORMAT = dwarf;
				ENABLE_STRICT_OBJC_MSGSEND = YES;
				ENABLE_TESTABILITY = YES;
				GCC_C_LANGUAGE_STANDARD = gnu11;
				GCC_DYNAMIC_NO_PIC = NO;
				GCC_NO_COMMON_BLOCKS = YES;
				GCC_OPTIMIZATION_LEVEL = 0;
				GCC_PREPROCESSOR_DEFINITIONS = (
					"DEBUG=1",
					"$(inherited)",
				);
				GCC_WARN_64_TO_32_BIT_CONVERSION = YES;
				GCC_WARN_ABOUT_RETURN_TYPE = YES_ERROR;
				GCC_WARN_UNDECLARED_SELECTOR = YES;
				GCC_WARN_UNINITIALIZED_AUTOS = YES_AGGRESSIVE;
				GCC_WARN_UNUSED_FUNCTION = YES;
				GCC_WARN_UNUSED_VARIABLE = YES;
				IPHONEOS_DEPLOYMENT_TARGET = 11.4;
				MTL_ENABLE_DEBUG_INFO = YES;
				ONLY_ACTIVE_ARCH = YES;
				SDKROOT = iphoneos;
				SWIFT_ACTIVE_COMPILATION_CONDITIONS = DEBUG;
				SWIFT_OPTIMIZATION_LEVEL = "-Onone";
			};
			name = Debug;
		};
		ABBD147D215C1FEE006EF35B /* Release */ = {
			isa = XCBuildConfiguration;
			buildSettings = {
				ALWAYS_SEARCH_USER_PATHS = NO;
				CLANG_ANALYZER_NONNULL = YES;
				CLANG_ANALYZER_NUMBER_OBJECT_CONVERSION = YES_AGGRESSIVE;
				CLANG_CXX_LANGUAGE_STANDARD = "gnu++14";
				CLANG_CXX_LIBRARY = "libc++";
				CLANG_ENABLE_MODULES = YES;
				CLANG_ENABLE_OBJC_ARC = YES;
				CLANG_ENABLE_OBJC_WEAK = YES;
				CLANG_WARN_BLOCK_CAPTURE_AUTORELEASING = YES;
				CLANG_WARN_BOOL_CONVERSION = YES;
				CLANG_WARN_COMMA = YES;
				CLANG_WARN_CONSTANT_CONVERSION = YES;
				CLANG_WARN_DEPRECATED_OBJC_IMPLEMENTATIONS = YES;
				CLANG_WARN_DIRECT_OBJC_ISA_USAGE = YES_ERROR;
				CLANG_WARN_DOCUMENTATION_COMMENTS = YES;
				CLANG_WARN_EMPTY_BODY = YES;
				CLANG_WARN_ENUM_CONVERSION = YES;
				CLANG_WARN_INFINITE_RECURSION = YES;
				CLANG_WARN_INT_CONVERSION = YES;
				CLANG_WARN_NON_LITERAL_NULL_CONVERSION = YES;
				CLANG_WARN_OBJC_IMPLICIT_RETAIN_SELF = YES;
				CLANG_WARN_OBJC_LITERAL_CONVERSION = YES;
				CLANG_WARN_OBJC_ROOT_CLASS = YES_ERROR;
				CLANG_WARN_RANGE_LOOP_ANALYSIS = YES;
				CLANG_WARN_STRICT_PROTOTYPES = YES;
				CLANG_WARN_SUSPICIOUS_MOVE = YES;
				CLANG_WARN_UNGUARDED_AVAILABILITY = YES_AGGRESSIVE;
				CLANG_WARN_UNREACHABLE_CODE = YES;
				CLANG_WARN__DUPLICATE_METHOD_MATCH = YES;
				CODE_SIGN_IDENTITY = "iPhone Developer";
				COPY_PHASE_STRIP = NO;
				DEBUG_INFORMATION_FORMAT = "dwarf-with-dsym";
				ENABLE_NS_ASSERTIONS = NO;
				ENABLE_STRICT_OBJC_MSGSEND = YES;
				GCC_C_LANGUAGE_STANDARD = gnu11;
				GCC_NO_COMMON_BLOCKS = YES;
				GCC_WARN_64_TO_32_BIT_CONVERSION = YES;
				GCC_WARN_ABOUT_RETURN_TYPE = YES_ERROR;
				GCC_WARN_UNDECLARED_SELECTOR = YES;
				GCC_WARN_UNINITIALIZED_AUTOS = YES_AGGRESSIVE;
				GCC_WARN_UNUSED_FUNCTION = YES;
				GCC_WARN_UNUSED_VARIABLE = YES;
				IPHONEOS_DEPLOYMENT_TARGET = 11.4;
				MTL_ENABLE_DEBUG_INFO = NO;
				SDKROOT = iphoneos;
				SWIFT_COMPILATION_MODE = wholemodule;
				SWIFT_OPTIMIZATION_LEVEL = "-O";
				VALIDATE_PRODUCT = YES;
			};
			name = Release;
		};
		ABBD147F215C1FEE006EF35B /* Debug */ = {
			isa = XCBuildConfiguration;
			buildSettings = {
				ASSETCATALOG_COMPILER_APPICON_NAME = AppIcon;
				CODE_SIGN_STYLE = Automatic;
				DEVELOPMENT_TEAM = L8GTGTTF2Q;
				INFOPLIST_FILE = AppHambre/Info.plist;
				LD_RUNPATH_SEARCH_PATHS = (
					"$(inherited)",
					"@executable_path/Frameworks",
				);
				PRODUCT_BUNDLE_IDENTIFIER = jordy.AppHambre;
				PRODUCT_NAME = "$(TARGET_NAME)";
				SWIFT_VERSION = 4.0;
				TARGETED_DEVICE_FAMILY = "1,2";
			};
			name = Debug;
		};
		ABBD1480215C1FEE006EF35B /* Release */ = {
			isa = XCBuildConfiguration;
			buildSettings = {
				ASSETCATALOG_COMPILER_APPICON_NAME = AppIcon;
				CODE_SIGN_STYLE = Automatic;
				DEVELOPMENT_TEAM = L8GTGTTF2Q;
				INFOPLIST_FILE = AppHambre/Info.plist;
				LD_RUNPATH_SEARCH_PATHS = (
					"$(inherited)",
					"@executable_path/Frameworks",
				);
				PRODUCT_BUNDLE_IDENTIFIER = jordy.AppHambre;
				PRODUCT_NAME = "$(TARGET_NAME)";
				SWIFT_VERSION = 4.0;
				TARGETED_DEVICE_FAMILY = "1,2";
			};
			name = Release;
		};
/* End XCBuildConfiguration section */

/* Begin XCConfigurationList section */
		ABBD1467215C1FEE006EF35B /* Build configuration list for PBXProject "AppHambre" */ = {
			isa = XCConfigurationList;
			buildConfigurations = (
				ABBD147C215C1FEE006EF35B /* Debug */,
				ABBD147D215C1FEE006EF35B /* Release */,
			);
			defaultConfigurationIsVisible = 0;
			defaultConfigurationName = Release;
		};
		ABBD147E215C1FEE006EF35B /* Build configuration list for PBXNativeTarget "AppHambre" */ = {
			isa = XCConfigurationList;
			buildConfigurations = (
				ABBD147F215C1FEE006EF35B /* Debug */,
				ABBD1480215C1FEE006EF35B /* Release */,
			);
			defaultConfigurationIsVisible = 0;
			defaultConfigurationName = Release;
		};
/* End XCConfigurationList section */
	};
	rootObject = ABBD1464215C1FEE006EF35B /* Project object */;
}
